// !$*UTF8*$!
{
	archiveVersion = 1;
	classes = {
	};
	objectVersion = 46;
	objects = {

/* Begin PBXBuildFile section */
		2CFAE0B61AEC179B00920265 /* Model.xcdatamodeld in Sources */ = {isa = PBXBuildFile; fileRef = 2CFAE0B41AEC179B00920265 /* Model.xcdatamodeld */; };
		2CFAE0B81AEC17C700920265 /* CoreData.framework in Frameworks */ = {isa = PBXBuildFile; fileRef = 2CFAE0B71AEC17C700920265 /* CoreData.framework */; };
		2CFAE0BF1AEC199F00920265 /* Entry.m in Sources */ = {isa = PBXBuildFile; fileRef = 2CFAE0BE1AEC199F00920265 /* Entry.m */; };
		2CFAE0C21AEC19CC00920265 /* EntryController.m in Sources */ = {isa = PBXBuildFile; fileRef = 2CFAE0C11AEC19CC00920265 /* EntryController.m */; };
		2CFAE0C51AEC19EA00920265 /* Stack.m in Sources */ = {isa = PBXBuildFile; fileRef = 2CFAE0C41AEC19EA00920265 /* Stack.m */; };
		2F536EA21AE9EB7A00D7E696 /* main.m in Sources */ = {isa = PBXBuildFile; fileRef = 2F536EA11AE9EB7A00D7E696 /* main.m */; };
		2F536EA51AE9EB7A00D7E696 /* AppDelegate.m in Sources */ = {isa = PBXBuildFile; fileRef = 2F536EA41AE9EB7A00D7E696 /* AppDelegate.m */; };
		2F536EA81AE9EB7A00D7E696 /* RootViewController.m in Sources */ = {isa = PBXBuildFile; fileRef = 2F536EA71AE9EB7A00D7E696 /* RootViewController.m */; };
		2F536EAB1AE9EB7A00D7E696 /* DataViewController.m in Sources */ = {isa = PBXBuildFile; fileRef = 2F536EAA1AE9EB7A00D7E696 /* DataViewController.m */; };
		2F536EAE1AE9EB7A00D7E696 /* ModelController.m in Sources */ = {isa = PBXBuildFile; fileRef = 2F536EAD1AE9EB7A00D7E696 /* ModelController.m */; };
		2F536EB11AE9EB7A00D7E696 /* Main.storyboard in Resources */ = {isa = PBXBuildFile; fileRef = 2F536EAF1AE9EB7A00D7E696 /* Main.storyboard */; };
		2F536EB31AE9EB7A00D7E696 /* Images.xcassets in Resources */ = {isa = PBXBuildFile; fileRef = 2F536EB21AE9EB7A00D7E696 /* Images.xcassets */; };
		2F536EB61AE9EB7A00D7E696 /* LaunchScreen.xib in Resources */ = {isa = PBXBuildFile; fileRef = 2F536EB41AE9EB7A00D7E696 /* LaunchScreen.xib */; };
		2F536EC21AE9EB7A00D7E696 /* GroupProjectTests.m in Sources */ = {isa = PBXBuildFile; fileRef = 2F536EC11AE9EB7A00D7E696 /* GroupProjectTests.m */; };
		CFEE82C91AEC47F500F85617 /* OptionsViewController.m in Sources */ = {isa = PBXBuildFile; fileRef = CFEE82C81AEC47F500F85617 /* OptionsViewController.m */; };
/* End PBXBuildFile section */

/* Begin PBXContainerItemProxy section */
		2F536EBC1AE9EB7A00D7E696 /* PBXContainerItemProxy */ = {
			isa = PBXContainerItemProxy;
			containerPortal = 2F536E941AE9EB7A00D7E696 /* Project object */;
			proxyType = 1;
			remoteGlobalIDString = 2F536E9B1AE9EB7A00D7E696;
			remoteInfo = GroupProject;
		};
/* End PBXContainerItemProxy section */

/* Begin PBXFileReference section */
		2CFAE0B51AEC179B00920265 /* Model.xcdatamodel */ = {isa = PBXFileReference; lastKnownFileType = wrapper.xcdatamodel; path = Model.xcdatamodel; sourceTree = "<group>"; };
		2CFAE0B71AEC17C700920265 /* CoreData.framework */ = {isa = PBXFileReference; lastKnownFileType = wrapper.framework; name = CoreData.framework; path = System/Library/Frameworks/CoreData.framework; sourceTree = SDKROOT; };
		2CFAE0BD1AEC199F00920265 /* Entry.h */ = {isa = PBXFileReference; fileEncoding = 4; lastKnownFileType = sourcecode.c.h; path = Entry.h; sourceTree = "<group>"; };
		2CFAE0BE1AEC199F00920265 /* Entry.m */ = {isa = PBXFileReference; fileEncoding = 4; lastKnownFileType = sourcecode.c.objc; path = Entry.m; sourceTree = "<group>"; };
		2CFAE0C01AEC19CC00920265 /* EntryController.h */ = {isa = PBXFileReference; fileEncoding = 4; lastKnownFileType = sourcecode.c.h; path = EntryController.h; sourceTree = "<group>"; };
		2CFAE0C11AEC19CC00920265 /* EntryController.m */ = {isa = PBXFileReference; fileEncoding = 4; lastKnownFileType = sourcecode.c.objc; path = EntryController.m; sourceTree = "<group>"; };
		2CFAE0C31AEC19EA00920265 /* Stack.h */ = {isa = PBXFileReference; fileEncoding = 4; lastKnownFileType = sourcecode.c.h; path = Stack.h; sourceTree = "<group>"; };
		2CFAE0C41AEC19EA00920265 /* Stack.m */ = {isa = PBXFileReference; fileEncoding = 4; lastKnownFileType = sourcecode.c.objc; path = Stack.m; sourceTree = "<group>"; };
		2F536E9C1AE9EB7A00D7E696 /* GroupProject.app */ = {isa = PBXFileReference; explicitFileType = wrapper.application; includeInIndex = 0; path = GroupProject.app; sourceTree = BUILT_PRODUCTS_DIR; };
		2F536EA01AE9EB7A00D7E696 /* Info.plist */ = {isa = PBXFileReference; lastKnownFileType = text.plist.xml; path = Info.plist; sourceTree = "<group>"; };
		2F536EA11AE9EB7A00D7E696 /* main.m */ = {isa = PBXFileReference; lastKnownFileType = sourcecode.c.objc; path = main.m; sourceTree = "<group>"; };
		2F536EA31AE9EB7A00D7E696 /* AppDelegate.h */ = {isa = PBXFileReference; lastKnownFileType = sourcecode.c.h; path = AppDelegate.h; sourceTree = "<group>"; };
		2F536EA41AE9EB7A00D7E696 /* AppDelegate.m */ = {isa = PBXFileReference; lastKnownFileType = sourcecode.c.objc; path = AppDelegate.m; sourceTree = "<group>"; };
		2F536EA61AE9EB7A00D7E696 /* RootViewController.h */ = {isa = PBXFileReference; lastKnownFileType = sourcecode.c.h; path = RootViewController.h; sourceTree = "<group>"; };
		2F536EA71AE9EB7A00D7E696 /* RootViewController.m */ = {isa = PBXFileReference; lastKnownFileType = sourcecode.c.objc; path = RootViewController.m; sourceTree = "<group>"; };
		2F536EA91AE9EB7A00D7E696 /* DataViewController.h */ = {isa = PBXFileReference; lastKnownFileType = sourcecode.c.h; path = DataViewController.h; sourceTree = "<group>"; };
		2F536EAA1AE9EB7A00D7E696 /* DataViewController.m */ = {isa = PBXFileReference; lastKnownFileType = sourcecode.c.objc; path = DataViewController.m; sourceTree = "<group>"; };
		2F536EAC1AE9EB7A00D7E696 /* ModelController.h */ = {isa = PBXFileReference; lastKnownFileType = sourcecode.c.h; path = ModelController.h; sourceTree = "<group>"; };
		2F536EAD1AE9EB7A00D7E696 /* ModelController.m */ = {isa = PBXFileReference; lastKnownFileType = sourcecode.c.objc; path = ModelController.m; sourceTree = "<group>"; };
		2F536EB01AE9EB7A00D7E696 /* Base */ = {isa = PBXFileReference; lastKnownFileType = file.storyboard; name = Base; path = Base.lproj/Main.storyboard; sourceTree = "<group>"; };
		2F536EB21AE9EB7A00D7E696 /* Images.xcassets */ = {isa = PBXFileReference; lastKnownFileType = folder.assetcatalog; path = Images.xcassets; sourceTree = "<group>"; };
		2F536EB51AE9EB7A00D7E696 /* Base */ = {isa = PBXFileReference; lastKnownFileType = file.xib; name = Base; path = Base.lproj/LaunchScreen.xib; sourceTree = "<group>"; };
		2F536EBB1AE9EB7A00D7E696 /* GroupProjectTests.xctest */ = {isa = PBXFileReference; explicitFileType = wrapper.cfbundle; includeInIndex = 0; path = GroupProjectTests.xctest; sourceTree = BUILT_PRODUCTS_DIR; };
		2F536EC01AE9EB7A00D7E696 /* Info.plist */ = {isa = PBXFileReference; lastKnownFileType = text.plist.xml; path = Info.plist; sourceTree = "<group>"; };
		2F536EC11AE9EB7A00D7E696 /* GroupProjectTests.m */ = {isa = PBXFileReference; lastKnownFileType = sourcecode.c.objc; path = GroupProjectTests.m; sourceTree = "<group>"; };
		CFEE82C71AEC47F500F85617 /* OptionsViewController.h */ = {isa = PBXFileReference; fileEncoding = 4; lastKnownFileType = sourcecode.c.h; path = OptionsViewController.h; sourceTree = "<group>"; };
		CFEE82C81AEC47F500F85617 /* OptionsViewController.m */ = {isa = PBXFileReference; fileEncoding = 4; lastKnownFileType = sourcecode.c.objc; path = OptionsViewController.m; sourceTree = "<group>"; };
/* End PBXFileReference section */

/* Begin PBXFrameworksBuildPhase section */
		2F536E991AE9EB7A00D7E696 /* Frameworks */ = {
			isa = PBXFrameworksBuildPhase;
			buildActionMask = 2147483647;
			files = (
				2CFAE0B81AEC17C700920265 /* CoreData.framework in Frameworks */,
			);
			runOnlyForDeploymentPostprocessing = 0;
		};
		2F536EB81AE9EB7A00D7E696 /* Frameworks */ = {
			isa = PBXFrameworksBuildPhase;
			buildActionMask = 2147483647;
			files = (
			);
			runOnlyForDeploymentPostprocessing = 0;
		};
/* End PBXFrameworksBuildPhase section */

/* Begin PBXGroup section */
		2CFAE0BC1AEC182700920265 /* Add */ = {
			isa = PBXGroup;
			children = (
				2CFAE0BD1AEC199F00920265 /* Entry.h */,
				2CFAE0BE1AEC199F00920265 /* Entry.m */,
				2CFAE0C01AEC19CC00920265 /* EntryController.h */,
				2CFAE0C11AEC19CC00920265 /* EntryController.m */,
			);
			name = Add;
			sourceTree = "<group>";
		};
		2F536E931AE9EB7A00D7E696 = {
			isa = PBXGroup;
			children = (
				2F536E9E1AE9EB7A00D7E696 /* GroupProject */,
				2F536EBE1AE9EB7A00D7E696 /* GroupProjectTests */,
				2F536E9D1AE9EB7A00D7E696 /* Products */,
			);
			sourceTree = "<group>";
		};
		2F536E9D1AE9EB7A00D7E696 /* Products */ = {
			isa = PBXGroup;
			children = (
				2F536E9C1AE9EB7A00D7E696 /* GroupProject.app */,
				2F536EBB1AE9EB7A00D7E696 /* GroupProjectTests.xctest */,
			);
			name = Products;
			sourceTree = "<group>";
		};
		2F536E9E1AE9EB7A00D7E696 /* GroupProject */ = {
			isa = PBXGroup;
			children = (
				2F536EA31AE9EB7A00D7E696 /* AppDelegate.h */,
				2F536EA41AE9EB7A00D7E696 /* AppDelegate.m */,
				2F536ECB1AEA0F7900D7E696 /* OnboardingProcess */,
				CFEE82CA1AEC47FF00F85617 /* Options */,
				2CFAE0BC1AEC182700920265 /* Add */,
				2F536EB21AE9EB7A00D7E696 /* Images.xcassets */,
				2F536EB41AE9EB7A00D7E696 /* LaunchScreen.xib */,
				2CFAE0C31AEC19EA00920265 /* Stack.h */,
				2CFAE0C41AEC19EA00920265 /* Stack.m */,
				2F536EAF1AE9EB7A00D7E696 /* Main.storyboard */,
				2CFAE0B71AEC17C700920265 /* CoreData.framework */,
				2CFAE0B41AEC179B00920265 /* Model.xcdatamodeld */,
				2F536E9F1AE9EB7A00D7E696 /* Supporting Files */,
			);
			path = GroupProject;
			sourceTree = "<group>";
		};
		2F536E9F1AE9EB7A00D7E696 /* Supporting Files */ = {
			isa = PBXGroup;
			children = (
				2F536EA01AE9EB7A00D7E696 /* Info.plist */,
				2F536EA11AE9EB7A00D7E696 /* main.m */,
			);
			name = "Supporting Files";
			sourceTree = "<group>";
		};
		2F536EBE1AE9EB7A00D7E696 /* GroupProjectTests */ = {
			isa = PBXGroup;
			children = (
				2F536EC11AE9EB7A00D7E696 /* GroupProjectTests.m */,
				2F536EBF1AE9EB7A00D7E696 /* Supporting Files */,
			);
			path = GroupProjectTests;
			sourceTree = "<group>";
		};
		2F536EBF1AE9EB7A00D7E696 /* Supporting Files */ = {
			isa = PBXGroup;
			children = (
				2F536EC01AE9EB7A00D7E696 /* Info.plist */,
			);
			name = "Supporting Files";
			sourceTree = "<group>";
		};
		2F536ECB1AEA0F7900D7E696 /* OnboardingProcess */ = {
			isa = PBXGroup;
			children = (
				2F536EA61AE9EB7A00D7E696 /* RootViewController.h */,
				2F536EA71AE9EB7A00D7E696 /* RootViewController.m */,
				2F536EA91AE9EB7A00D7E696 /* DataViewController.h */,
				2F536EAA1AE9EB7A00D7E696 /* DataViewController.m */,
				2F536EAC1AE9EB7A00D7E696 /* ModelController.h */,
				2F536EAD1AE9EB7A00D7E696 /* ModelController.m */,
			);
			name = OnboardingProcess;
			sourceTree = "<group>";
		};
		CFEE82CA1AEC47FF00F85617 /* Options */ = {
			isa = PBXGroup;
			children = (
				CFEE82C71AEC47F500F85617 /* OptionsViewController.h */,
				CFEE82C81AEC47F500F85617 /* OptionsViewController.m */,
			);
			name = Options;
			sourceTree = "<group>";
		};
/* End PBXGroup section */

/* Begin PBXNativeTarget section */
		2F536E9B1AE9EB7A00D7E696 /* GroupProject */ = {
			isa = PBXNativeTarget;
			buildConfigurationList = 2F536EC51AE9EB7A00D7E696 /* Build configuration list for PBXNativeTarget "GroupProject" */;
			buildPhases = (
				2F536E981AE9EB7A00D7E696 /* Sources */,
				2F536E991AE9EB7A00D7E696 /* Frameworks */,
				2F536E9A1AE9EB7A00D7E696 /* Resources */,
			);
			buildRules = (
			);
			dependencies = (
			);
			name = GroupProject;
			productName = GroupProject;
			productReference = 2F536E9C1AE9EB7A00D7E696 /* GroupProject.app */;
			productType = "com.apple.product-type.application";
		};
		2F536EBA1AE9EB7A00D7E696 /* GroupProjectTests */ = {
			isa = PBXNativeTarget;
			buildConfigurationList = 2F536EC81AE9EB7A00D7E696 /* Build configuration list for PBXNativeTarget "GroupProjectTests" */;
			buildPhases = (
				2F536EB71AE9EB7A00D7E696 /* Sources */,
				2F536EB81AE9EB7A00D7E696 /* Frameworks */,
				2F536EB91AE9EB7A00D7E696 /* Resources */,
			);
			buildRules = (
			);
			dependencies = (
				2F536EBD1AE9EB7A00D7E696 /* PBXTargetDependency */,
			);
			name = GroupProjectTests;
			productName = GroupProjectTests;
			productReference = 2F536EBB1AE9EB7A00D7E696 /* GroupProjectTests.xctest */;
			productType = "com.apple.product-type.bundle.unit-test";
		};
/* End PBXNativeTarget section */

/* Begin PBXProject section */
		2F536E941AE9EB7A00D7E696 /* Project object */ = {
			isa = PBXProject;
			attributes = {
				LastUpgradeCheck = 0630;
				ORGANIZATIONNAME = "Front Row Joes Inc.";
				TargetAttributes = {
					2F536E9B1AE9EB7A00D7E696 = {
						CreatedOnToolsVersion = 6.3.1;
					};
					2F536EBA1AE9EB7A00D7E696 = {
						CreatedOnToolsVersion = 6.3.1;
						TestTargetID = 2F536E9B1AE9EB7A00D7E696;
					};
				};
			};
			buildConfigurationList = 2F536E971AE9EB7A00D7E696 /* Build configuration list for PBXProject "GroupProject" */;
			compatibilityVersion = "Xcode 3.2";
			developmentRegion = English;
			hasScannedForEncodings = 0;
			knownRegions = (
				en,
				Base,
			);
			mainGroup = 2F536E931AE9EB7A00D7E696;
			productRefGroup = 2F536E9D1AE9EB7A00D7E696 /* Products */;
			projectDirPath = "";
			projectRoot = "";
			targets = (
				2F536E9B1AE9EB7A00D7E696 /* GroupProject */,
				2F536EBA1AE9EB7A00D7E696 /* GroupProjectTests */,
			);
		};
/* End PBXProject section */

/* Begin PBXResourcesBuildPhase section */
		2F536E9A1AE9EB7A00D7E696 /* Resources */ = {
			isa = PBXResourcesBuildPhase;
			buildActionMask = 2147483647;
			files = (
				2F536EB11AE9EB7A00D7E696 /* Main.storyboard in Resources */,
				2F536EB61AE9EB7A00D7E696 /* LaunchScreen.xib in Resources */,
				2F536EB31AE9EB7A00D7E696 /* Images.xcassets in Resources */,
			);
			runOnlyForDeploymentPostprocessing = 0;
		};
		2F536EB91AE9EB7A00D7E696 /* Resources */ = {
			isa = PBXResourcesBuildPhase;
			buildActionMask = 2147483647;
			files = (
			);
			runOnlyForDeploymentPostprocessing = 0;
		};
/* End PBXResourcesBuildPhase section */

/* Begin PBXSourcesBuildPhase section */
		2F536E981AE9EB7A00D7E696 /* Sources */ = {
			isa = PBXSourcesBuildPhase;
			buildActionMask = 2147483647;
			files = (
				2CFAE0C51AEC19EA00920265 /* Stack.m in Sources */,
				2F536EAB1AE9EB7A00D7E696 /* DataViewController.m in Sources */,
				2F536EA51AE9EB7A00D7E696 /* AppDelegate.m in Sources */,
				2CFAE0C21AEC19CC00920265 /* EntryController.m in Sources */,
				2F536EAE1AE9EB7A00D7E696 /* ModelController.m in Sources */,
				2CFAE0BF1AEC199F00920265 /* Entry.m in Sources */,
				2F536EA21AE9EB7A00D7E696 /* main.m in Sources */,
				CFEE82C91AEC47F500F85617 /* OptionsViewController.m in Sources */,
				2F536EA81AE9EB7A00D7E696 /* RootViewController.m in Sources */,
				2CFAE0B61AEC179B00920265 /* Model.xcdatamodeld in Sources */,
			);
			runOnlyForDeploymentPostprocessing = 0;
		};
		2F536EB71AE9EB7A00D7E696 /* Sources */ = {
			isa = PBXSourcesBuildPhase;
			buildActionMask = 2147483647;
			files = (
				2F536EC21AE9EB7A00D7E696 /* GroupProjectTests.m in Sources */,
			);
			runOnlyForDeploymentPostprocessing = 0;
		};
/* End PBXSourcesBuildPhase section */

/* Begin PBXTargetDependency section */
		2F536EBD1AE9EB7A00D7E696 /* PBXTargetDependency */ = {
			isa = PBXTargetDependency;
			target = 2F536E9B1AE9EB7A00D7E696 /* GroupProject */;
			targetProxy = 2F536EBC1AE9EB7A00D7E696 /* PBXContainerItemProxy */;
		};
/* End PBXTargetDependency section */

/* Begin PBXVariantGroup section */
		2F536EAF1AE9EB7A00D7E696 /* Main.storyboard */ = {
			isa = PBXVariantGroup;
			children = (
				2F536EB01AE9EB7A00D7E696 /* Base */,
			);
			name = Main.storyboard;
			sourceTree = "<group>";
		};
		2F536EB41AE9EB7A00D7E696 /* LaunchScreen.xib */ = {
			isa = PBXVariantGroup;
			children = (
				2F536EB51AE9EB7A00D7E696 /* Base */,
			);
			name = LaunchScreen.xib;
			sourceTree = "<group>";
		};
/* End PBXVariantGroup section */

/* Begin XCBuildConfiguration section */
		2F536EC31AE9EB7A00D7E696 /* Debug */ = {
			isa = XCBuildConfiguration;
			buildSettings = {
				ALWAYS_SEARCH_USER_PATHS = NO;
				CLANG_CXX_LANGUAGE_STANDARD = "gnu++0x";
				CLANG_CXX_LIBRARY = "libc++";
				CLANG_ENABLE_MODULES = YES;
				CLANG_ENABLE_OBJC_ARC = YES;
				CLANG_WARN_BOOL_CONVERSION = YES;
				CLANG_WARN_CONSTANT_CONVERSION = YES;
				CLANG_WARN_DIRECT_OBJC_ISA_USAGE = YES_ERROR;
				CLANG_WARN_EMPTY_BODY = YES;
				CLANG_WARN_ENUM_CONVERSION = YES;
				CLANG_WARN_INT_CONVERSION = YES;
				CLANG_WARN_OBJC_ROOT_CLASS = YES_ERROR;
				CLANG_WARN_UNREACHABLE_CODE = YES;
				CLANG_WARN__DUPLICATE_METHOD_MATCH = YES;
				"CODE_SIGN_IDENTITY[sdk=iphoneos*]" = "iPhone Developer";
				COPY_PHASE_STRIP = NO;
				DEBUG_INFORMATION_FORMAT = "dwarf-with-dsym";
				ENABLE_STRICT_OBJC_MSGSEND = YES;
				GCC_C_LANGUAGE_STANDARD = gnu99;
				GCC_DYNAMIC_NO_PIC = NO;
				GCC_NO_COMMON_BLOCKS = YES;
				GCC_OPTIMIZATION_LEVEL = 0;
				GCC_PREPROCESSOR_DEFINITIONS = (
					"DEBUG=1",
					"$(inherited)",
				);
				GCC_SYMBOLS_PRIVATE_EXTERN = NO;
				GCC_WARN_64_TO_32_BIT_CONVERSION = YES;
				GCC_WARN_ABOUT_RETURN_TYPE = YES_ERROR;
				GCC_WARN_UNDECLARED_SELECTOR = YES;
				GCC_WARN_UNINITIALIZED_AUTOS = YES_AGGRESSIVE;
				GCC_WARN_UNUSED_FUNCTION = YES;
				GCC_WARN_UNUSED_VARIABLE = YES;
				IPHONEOS_DEPLOYMENT_TARGET = 8.3;
				MTL_ENABLE_DEBUG_INFO = YES;
				ONLY_ACTIVE_ARCH = YES;
				SDKROOT = iphoneos;
			};
			name = Debug;
		};
		2F536EC41AE9EB7A00D7E696 /* Release */ = {
			isa = XCBuildConfiguration;
			buildSettings = {
				ALWAYS_SEARCH_USER_PATHS = NO;
				CLANG_CXX_LANGUAGE_STANDARD = "gnu++0x";
				CLANG_CXX_LIBRARY = "libc++";
				CLANG_ENABLE_MODULES = YES;
				CLANG_ENABLE_OBJC_ARC = YES;
				CLANG_WARN_BOOL_CONVERSION = YES;
				CLANG_WARN_CONSTANT_CONVERSION = YES;
				CLANG_WARN_DIRECT_OBJC_ISA_USAGE = YES_ERROR;
				CLANG_WARN_EMPTY_BODY = YES;
				CLANG_WARN_ENUM_CONVERSION = YES;
				CLANG_WARN_INT_CONVERSION = YES;
				CLANG_WARN_OBJC_ROOT_CLASS = YES_ERROR;
				CLANG_WARN_UNREACHABLE_CODE = YES;
				CLANG_WARN__DUPLICATE_METHOD_MATCH = YES;
				"CODE_SIGN_IDENTITY[sdk=iphoneos*]" = "iPhone Developer";
				COPY_PHASE_STRIP = NO;
				DEBUG_INFORMATION_FORMAT = "dwarf-with-dsym";
				ENABLE_NS_ASSERTIONS = NO;
				ENABLE_STRICT_OBJC_MSGSEND = YES;
				GCC_C_LANGUAGE_STANDARD = gnu99;
				GCC_NO_COMMON_BLOCKS = YES;
				GCC_WARN_64_TO_32_BIT_CONVERSION = YES;
				GCC_WARN_ABOUT_RETURN_TYPE = YES_ERROR;
				GCC_WARN_UNDECLARED_SELECTOR = YES;
				GCC_WARN_UNINITIALIZED_AUTOS = YES_AGGRESSIVE;
				GCC_WARN_UNUSED_FUNCTION = YES;
				GCC_WARN_UNUSED_VARIABLE = YES;
				IPHONEOS_DEPLOYMENT_TARGET = 8.3;
				MTL_ENABLE_DEBUG_INFO = NO;
				SDKROOT = iphoneos;
				VALIDATE_PRODUCT = YES;
			};
			name = Release;
		};
		2F536EC61AE9EB7A00D7E696 /* Debug */ = {
			isa = XCBuildConfiguration;
			buildSettings = {
				ASSETCATALOG_COMPILER_APPICON_NAME = AppIcon;
				INFOPLIST_FILE = GroupProject/Info.plist;
				LD_RUNPATH_SEARCH_PATHS = "$(inherited) @executable_path/Frameworks";
				PRODUCT_NAME = "$(TARGET_NAME)";
			};
			name = Debug;
		};
		2F536EC71AE9EB7A00D7E696 /* Release */ = {
			isa = XCBuildConfiguration;
			buildSettings = {
				ASSETCATALOG_COMPILER_APPICON_NAME = AppIcon;
				INFOPLIST_FILE = GroupProject/Info.plist;
				LD_RUNPATH_SEARCH_PATHS = "$(inherited) @executable_path/Frameworks";
				PRODUCT_NAME = "$(TARGET_NAME)";
			};
			name = Release;
		};
		2F536EC91AE9EB7A00D7E696 /* Debug */ = {
			isa = XCBuildConfiguration;
			buildSettings = {
				BUNDLE_LOADER = "$(TEST_HOST)";
				FRAMEWORK_SEARCH_PATHS = (
					"$(SDKROOT)/Developer/Library/Frameworks",
					"$(inherited)",
				);
				GCC_PREPROCESSOR_DEFINITIONS = (
					"DEBUG=1",
					"$(inherited)",
				);
				INFOPLIST_FILE = GroupProjectTests/Info.plist;
				LD_RUNPATH_SEARCH_PATHS = "$(inherited) @executable_path/Frameworks @loader_path/Frameworks";
				PRODUCT_NAME = "$(TARGET_NAME)";
				TEST_HOST = "$(BUILT_PRODUCTS_DIR)/GroupProject.app/GroupProject";
			};
			name = Debug;
		};
		2F536ECA1AE9EB7A00D7E696 /* Release */ = {
			isa = XCBuildConfiguration;
			buildSettings = {
				BUNDLE_LOADER = "$(TEST_HOST)";
				FRAMEWORK_SEARCH_PATHS = (
					"$(SDKROOT)/Developer/Library/Frameworks",
					"$(inherited)",
				);
				INFOPLIST_FILE = GroupProjectTests/Info.plist;
				LD_RUNPATH_SEARCH_PATHS = "$(inherited) @executable_path/Frameworks @loader_path/Frameworks";
				PRODUCT_NAME = "$(TARGET_NAME)";
				TEST_HOST = "$(BUILT_PRODUCTS_DIR)/GroupProject.app/GroupProject";
			};
			name = Release;
		};
/* End XCBuildConfiguration section */

/* Begin XCConfigurationList section */
		2F536E971AE9EB7A00D7E696 /* Build configuration list for PBXProject "GroupProject" */ = {
			isa = XCConfigurationList;
			buildConfigurations = (
				2F536EC31AE9EB7A00D7E696 /* Debug */,
				2F536EC41AE9EB7A00D7E696 /* Release */,
			);
			defaultConfigurationIsVisible = 0;
			defaultConfigurationName = Release;
		};
		2F536EC51AE9EB7A00D7E696 /* Build configuration list for PBXNativeTarget "GroupProject" */ = {
			isa = XCConfigurationList;
			buildConfigurations = (
				2F536EC61AE9EB7A00D7E696 /* Debug */,
				2F536EC71AE9EB7A00D7E696 /* Release */,
			);
			defaultConfigurationIsVisible = 0;
			defaultConfigurationName = Release;
		};
		2F536EC81AE9EB7A00D7E696 /* Build configuration list for PBXNativeTarget "GroupProjectTests" */ = {
			isa = XCConfigurationList;
			buildConfigurations = (
				2F536EC91AE9EB7A00D7E696 /* Debug */,
				2F536ECA1AE9EB7A00D7E696 /* Release */,
			);
			defaultConfigurationIsVisible = 0;
			defaultConfigurationName = Release;
		};
/* End XCConfigurationList section */

/* Begin XCVersionGroup section */
		2CFAE0B41AEC179B00920265 /* Model.xcdatamodeld */ = {
			isa = XCVersionGroup;
			children = (
				2CFAE0B51AEC179B00920265 /* Model.xcdatamodel */,
			);
			currentVersion = 2CFAE0B51AEC179B00920265 /* Model.xcdatamodel */;
			path = Model.xcdatamodeld;
			sourceTree = "<group>";
			versionGroupType = wrapper.xcdatamodel;
		};
/* End XCVersionGroup section */
	};
	rootObject = 2F536E941AE9EB7A00D7E696 /* Project object */;
}
